
Microsoft Visual Studio Solution File, Format Version 12.00
Project("{FAE04EC0-301F-11D3-BF4B-00C04F79EFBC}") = "Common", "Common\Common.csproj", "{E0479799-9D38-4C2F-889F-C17CD20115CC}"
EndProject
Project("{FAE04EC0-301F-11D3-BF4B-00C04F79EFBC}") = "AoC2022", "AoC2022\AoC2022.csproj", "{33E227A1-CDE9-4BED-A84A-25C8C5F16EB3}"
EndProject
Project("{FAE04EC0-301F-11D3-BF4B-00C04F79EFBC}") = "AoC2021", "AoC2021\AoC2021.csproj", "{BC70B48D-89A3-4D36-A88C-F84024B688CC}"
EndProject
Project("{FAE04EC0-301F-11D3-BF4B-00C04F79EFBC}") = "AoC2020", "AoC2020\AoC2020.csproj", "{C8E7A1B4-DC01-4A45-B4F1-585F47F9E7DA}"
EndProject
Project("{FAE04EC0-301F-11D3-BF4B-00C04F79EFBC}") = "AoC2023", "AoC2023\AoC2023.csproj", "{B7CA01C8-C1A5-42B8-9F81-0C0876D392EF}"
EndProject
Project("{FAE04EC0-301F-11D3-BF4B-00C04F79EFBC}") = "Common.Tests", "Common.Tests\Common.Tests.csproj", "{C99EB77F-B74A-4DEC-872C-9294F8F31416}"
EndProject
Project("{FAE04EC0-301F-11D3-BF4B-00C04F79EFBC}") = "AoC2019", "AoC2019\AoC2019.csproj", "{27B85596-AA02-47D8-96DF-19C2468E8F19}"
EndProject
Project("{FAE04EC0-301F-11D3-BF4B-00C04F79EFBC}") = "AoC2024", "AoC2024\AoC2024.csproj", "{907FB049-4733-4D81-9036-33E4E0C53FAE}"
EndProject
Global
	GlobalSection(SolutionConfigurationPlatforms) = preSolution
		Debug|Any CPU = Debug|Any CPU
		Release|Any CPU = Release|Any CPU
	EndGlobalSection
	GlobalSection(ProjectConfigurationPlatforms) = postSolution
		{E0479799-9D38-4C2F-889F-C17CD20115CC}.Debug|Any CPU.ActiveCfg = Debug|Any CPU
		{E0479799-9D38-4C2F-889F-C17CD20115CC}.Debug|Any CPU.Build.0 = Debug|Any CPU
		{E0479799-9D38-4C2F-889F-C17CD20115CC}.Release|Any CPU.ActiveCfg = Release|Any CPU
		{E0479799-9D38-4C2F-889F-C17CD20115CC}.Release|Any CPU.Build.0 = Release|Any CPU
		{33E227A1-CDE9-4BED-A84A-25C8C5F16EB3}.Debug|Any CPU.ActiveCfg = Debug|Any CPU
		{33E227A1-CDE9-4BED-A84A-25C8C5F16EB3}.Debug|Any CPU.Build.0 = Debug|Any CPU
		{33E227A1-CDE9-4BED-A84A-25C8C5F16EB3}.Release|Any CPU.ActiveCfg = Release|Any CPU
		{33E227A1-CDE9-4BED-A84A-25C8C5F16EB3}.Release|Any CPU.Build.0 = Release|Any CPU
		{BC70B48D-89A3-4D36-A88C-F84024B688CC}.Debug|Any CPU.ActiveCfg = Debug|Any CPU
		{BC70B48D-89A3-4D36-A88C-F84024B688CC}.Debug|Any CPU.Build.0 = Debug|Any CPU
		{BC70B48D-89A3-4D36-A88C-F84024B688CC}.Release|Any CPU.ActiveCfg = Release|Any CPU
		{BC70B48D-89A3-4D36-A88C-F84024B688CC}.Release|Any CPU.Build.0 = Release|Any CPU
		{C8E7A1B4-DC01-4A45-B4F1-585F47F9E7DA}.Debug|Any CPU.ActiveCfg = Debug|Any CPU
		{C8E7A1B4-DC01-4A45-B4F1-585F47F9E7DA}.Debug|Any CPU.Build.0 = Debug|Any CPU
		{C8E7A1B4-DC01-4A45-B4F1-585F47F9E7DA}.Release|Any CPU.ActiveCfg = Release|Any CPU
		{C8E7A1B4-DC01-4A45-B4F1-585F47F9E7DA}.Release|Any CPU.Build.0 = Release|Any CPU
		{B7CA01C8-C1A5-42B8-9F81-0C0876D392EF}.Debug|Any CPU.ActiveCfg = Debug|Any CPU
		{B7CA01C8-C1A5-42B8-9F81-0C0876D392EF}.Debug|Any CPU.Build.0 = Debug|Any CPU
		{B7CA01C8-C1A5-42B8-9F81-0C0876D392EF}.Release|Any CPU.ActiveCfg = Release|Any CPU
		{B7CA01C8-C1A5-42B8-9F81-0C0876D392EF}.Release|Any CPU.Build.0 = Release|Any CPU
		{C99EB77F-B74A-4DEC-872C-9294F8F31416}.Debug|Any CPU.ActiveCfg = Debug|Any CPU
		{C99EB77F-B74A-4DEC-872C-9294F8F31416}.Debug|Any CPU.Build.0 = Debug|Any CPU
		{C99EB77F-B74A-4DEC-872C-9294F8F31416}.Release|Any CPU.ActiveCfg = Release|Any CPU
		{C99EB77F-B74A-4DEC-872C-9294F8F31416}.Release|Any CPU.Build.0 = Release|Any CPU
		{27B85596-AA02-47D8-96DF-19C2468E8F19}.Debug|Any CPU.ActiveCfg = Debug|Any CPU
		{27B85596-AA02-47D8-96DF-19C2468E8F19}.Debug|Any CPU.Build.0 = Debug|Any CPU
		{27B85596-AA02-47D8-96DF-19C2468E8F19}.Release|Any CPU.ActiveCfg = Release|Any CPU
		{27B85596-AA02-47D8-96DF-19C2468E8F19}.Release|Any CPU.Build.0 = Release|Any CPU
		{907FB049-4733-4D81-9036-33E4E0C53FAE}.Debug|Any CPU.ActiveCfg = Debug|Any CPU
		{907FB049-4733-4D81-9036-33E4E0C53FAE}.Debug|Any CPU.Build.0 = Debug|Any CPU
		{907FB049-4733-4D81-9036-33E4E0C53FAE}.Release|Any CPU.ActiveCfg = Release|Any CPU
		{907FB049-4733-4D81-9036-33E4E0C53FAE}.Release|Any CPU.Build.0 = Release|Any CPU
	EndGlobalSection
EndGlobal
